
Microsoft Visual Studio Solution File, Format Version 12.00
# Visual Studio 14
VisualStudioVersion = 14.0.25420.1
MinimumVisualStudioVersion = 10.0.40219.1
Project("{F184B08F-C81C-45F6-A57F-5ABD9991F28F}") = "GCA.Domain", "GCA.Domain\GCA.Domain.vbproj", "{1835687A-2EB9-4308-95F7-57DC713D977C}"
EndProject
Project("{F184B08F-C81C-45F6-A57F-5ABD9991F28F}") = "GCA.DataAccess", "CGA.DataAccess\GCA.DataAccess.vbproj", "{88B04BAF-05F7-4C6B-978E-7AC65A0EED9E}"
EndProject
Project("{F184B08F-C81C-45F6-A57F-5ABD9991F28F}") = "GCA.Business", "GCA.Business\GCA.Business.vbproj", "{09F6DFAA-50BE-4444-BD0B-AEF1029CFFD6}"
EndProject
Global
	GlobalSection(SolutionConfigurationPlatforms) = preSolution
		Debug|Any CPU = Debug|Any CPU
		Release|Any CPU = Release|Any CPU
	EndGlobalSection
	GlobalSection(ProjectConfigurationPlatforms) = postSolution
		{1835687A-2EB9-4308-95F7-57DC713D977C}.Debug|Any CPU.ActiveCfg = Debug|Any CPU
		{1835687A-2EB9-4308-95F7-57DC713D977C}.Debug|Any CPU.Build.0 = Debug|Any CPU
		{1835687A-2EB9-4308-95F7-57DC713D977C}.Release|Any CPU.ActiveCfg = Release|Any CPU
		{1835687A-2EB9-4308-95F7-57DC713D977C}.Release|Any CPU.Build.0 = Release|Any CPU
		{88B04BAF-05F7-4C6B-978E-7AC65A0EED9E}.Debug|Any CPU.ActiveCfg = Debug|Any CPU
		{88B04BAF-05F7-4C6B-978E-7AC65A0EED9E}.Debug|Any CPU.Build.0 = Debug|Any CPU
		{88B04BAF-05F7-4C6B-978E-7AC65A0EED9E}.Release|Any CPU.ActiveCfg = Release|Any CPU
		{88B04BAF-05F7-4C6B-978E-7AC65A0EED9E}.Release|Any CPU.Build.0 = Release|Any CPU
		{09F6DFAA-50BE-4444-BD0B-AEF1029CFFD6}.Debug|Any CPU.ActiveCfg = Debug|Any CPU
		{09F6DFAA-50BE-4444-BD0B-AEF1029CFFD6}.Debug|Any CPU.Build.0 = Debug|Any CPU
		{09F6DFAA-50BE-4444-BD0B-AEF1029CFFD6}.Release|Any CPU.ActiveCfg = Release|Any CPU
		{09F6DFAA-50BE-4444-BD0B-AEF1029CFFD6}.Release|Any CPU.Build.0 = Release|Any CPU
	EndGlobalSection
	GlobalSection(SolutionProperties) = preSolution
		HideSolutionNode = FALSE
	EndGlobalSection
EndGlobal
